
Microsoft Visual Studio Solution File, Format Version 12.00
# Visual Studio Version 17
VisualStudioVersion = 17.7.34202.233
MinimumVisualStudioVersion = 10.0.40219.1
Project("{FAE04EC0-301F-11D3-BF4B-00C04F79EFBC}") = "alpha-bar-service", "alpha-bar-service\alpha-bar-service.csproj", "{412B46D6-CA58-48CA-8501-7593E8B47713}"
EndProject
Global
	GlobalSection(SolutionConfigurationPlatforms) = preSolution
		Debug|Any CPU = Debug|Any CPU
		Release|Any CPU = Release|Any CPU
	EndGlobalSection
	GlobalSection(ProjectConfigurationPlatforms) = postSolution
		{412B46D6-CA58-48CA-8501-7593E8B47713}.Debug|Any CPU.ActiveCfg = Debug|Any CPU
		{412B46D6-CA58-48CA-8501-7593E8B47713}.Debug|Any CPU.Build.0 = Debug|Any CPU
		{412B46D6-CA58-48CA-8501-7593E8B47713}.Release|Any CPU.ActiveCfg = Release|Any CPU
		{412B46D6-CA58-48CA-8501-7593E8B47713}.Release|Any CPU.Build.0 = Release|Any CPU
	EndGlobalSection
	GlobalSection(SolutionProperties) = preSolution
		HideSolutionNode = FALSE
	EndGlobalSection
	GlobalSection(ExtensibilityGlobals) = postSolution
		SolutionGuid = {7C0428B2-0BBD-42E8-A7AE-D17E49C00C02}
	EndGlobalSection
EndGlobal
